
Microsoft Visual Studio Solution File, Format Version 12.00
# Visual Studio Version 17
VisualStudioVersion = 17.7.34024.191
MinimumVisualStudioVersion = 10.0.40219.1
Project("{FAE04EC0-301F-11D3-BF4B-00C04F79EFBC}") = "KlockanMedSek", "KlockanMedSek.csproj", "{229940C9-59B3-47C9-9978-AE24009F1096}"
EndProject
Global
	GlobalSection(SolutionConfigurationPlatforms) = preSolution
		Debug|Any CPU = Debug|Any CPU
		Release|Any CPU = Release|Any CPU
	EndGlobalSection
	GlobalSection(ProjectConfigurationPlatforms) = postSolution
		{229940C9-59B3-47C9-9978-AE24009F1096}.Debug|Any CPU.ActiveCfg = Debug|Any CPU
		{229940C9-59B3-47C9-9978-AE24009F1096}.Debug|Any CPU.Build.0 = Debug|Any CPU
		{229940C9-59B3-47C9-9978-AE24009F1096}.Release|Any CPU.ActiveCfg = Release|Any CPU
		{229940C9-59B3-47C9-9978-AE24009F1096}.Release|Any CPU.Build.0 = Release|Any CPU
	EndGlobalSection
	GlobalSection(SolutionProperties) = preSolution
		HideSolutionNode = FALSE
	EndGlobalSection
	GlobalSection(ExtensibilityGlobals) = postSolution
		SolutionGuid = {A5515E03-DD53-4EAA-9205-143F4585435A}
	EndGlobalSection
EndGlobal
